
Microsoft Visual Studio Solution File, Format Version 12.00
# Visual Studio 2013
VisualStudioVersion = 12.0.30723.0
MinimumVisualStudioVersion = 10.0.40219.1
Project("{FAE04EC0-301F-11D3-BF4B-00C04F79EFBC}") = "CompetitionDb", "CompetitionDb\CompetitionDb.csproj", "{BA1AB1B0-724D-4735-9546-8F410176AE9B}"
EndProject
Project("{2150E333-8FDC-42A3-9474-1A3956D46DE8}") = "PublishScripts", "PublishScripts", "{7B7BF8C5-2AA9-4565-A768-E8EE41B9178E}"
	ProjectSection(SolutionItems) = preProject
		PublishScripts\AzureWebsitePublishModule.psm1 = PublishScripts\AzureWebsitePublishModule.psm1
		PublishScripts\Publish-WebApplicationWebsite.ps1 = PublishScripts\Publish-WebApplicationWebsite.ps1
	EndProjectSection
EndProject
Project("{2150E333-8FDC-42A3-9474-1A3956D46DE8}") = "Configurations", "Configurations", "{FEBE42BF-4CC5-4D39-8E9E-2588BF14F795}"
	ProjectSection(SolutionItems) = preProject
		PublishScripts\Configurations\CompetitionDb-WAWS-dev.json = PublishScripts\Configurations\CompetitionDb-WAWS-dev.json
	EndProjectSection
EndProject
Project("{2150E333-8FDC-42A3-9474-1A3956D46DE8}") = ".nuget", ".nuget", "{13379458-35DC-4FFD-AC80-699A20291D88}"
	ProjectSection(SolutionItems) = preProject
		.nuget\packages.config = .nuget\packages.config
	EndProjectSection
EndProject
Global
	GlobalSection(SolutionConfigurationPlatforms) = preSolution
		Debug|Any CPU = Debug|Any CPU
		Release|Any CPU = Release|Any CPU
	EndGlobalSection
	GlobalSection(ProjectConfigurationPlatforms) = postSolution
		{BA1AB1B0-724D-4735-9546-8F410176AE9B}.Debug|Any CPU.ActiveCfg = Debug|Any CPU
		{BA1AB1B0-724D-4735-9546-8F410176AE9B}.Debug|Any CPU.Build.0 = Debug|Any CPU
		{BA1AB1B0-724D-4735-9546-8F410176AE9B}.Release|Any CPU.ActiveCfg = Release|Any CPU
		{BA1AB1B0-724D-4735-9546-8F410176AE9B}.Release|Any CPU.Build.0 = Release|Any CPU
	EndGlobalSection
	GlobalSection(SolutionProperties) = preSolution
		HideSolutionNode = FALSE
	EndGlobalSection
	GlobalSection(NestedProjects) = preSolution
		{FEBE42BF-4CC5-4D39-8E9E-2588BF14F795} = {7B7BF8C5-2AA9-4565-A768-E8EE41B9178E}
	EndGlobalSection
EndGlobal
